
Microsoft Visual Studio Solution File, Format Version 12.00
# Visual Studio Version 16
VisualStudioVersion = 16.0.30717.126
MinimumVisualStudioVersion = 10.0.40219.1
Project("{888888A0-9F3D-457C-B088-3A5042F75D52}") = "ObstructionLogger", "ObstructionLogger.pyproj", "{4CEB2C58-4A89-4D61-B0DD-6E15FA077FFF}"
EndProject
Global
	GlobalSection(SolutionConfigurationPlatforms) = preSolution
		Debug|Any CPU = Debug|Any CPU
		Release|Any CPU = Release|Any CPU
	EndGlobalSection
	GlobalSection(ProjectConfigurationPlatforms) = postSolution
		{4CEB2C58-4A89-4D61-B0DD-6E15FA077FFF}.Debug|Any CPU.ActiveCfg = Debug|Any CPU
		{4CEB2C58-4A89-4D61-B0DD-6E15FA077FFF}.Release|Any CPU.ActiveCfg = Release|Any CPU
	EndGlobalSection
	GlobalSection(SolutionProperties) = preSolution
		HideSolutionNode = FALSE
	EndGlobalSection
	GlobalSection(ExtensibilityGlobals) = postSolution
		SolutionGuid = {C34412F5-AFEB-43CC-966D-7B8029CC91CA}
	EndGlobalSection
EndGlobal
